{
  "version": "5",
  "specifiers": {
    "jsr:@marianmeres/release@*": "2.0.0"
  },
  "jsr": {
    "@marianmeres/release@2.0.0": {
      "integrity": "a0358067f8500edaa795f22f6f962765a7f20edd6d8869c0793f11ee02fb47c0"
    }
  },
  "workspace": {
    "packageJson": {
      "dependencies": [
        "npm:@codemirror/commands@^6.10.4",
        "npm:@codemirror/lang-markdown@^6.5.0",
        "npm:@codemirror/language-data@^6.5.2",
        "npm:@codemirror/language@^6.12.4",
        "npm:@codemirror/state@^6.7.0",
        "npm:@codemirror/view@^6.43.4",
        "npm:@eslint/js@^9.39.4",
        "npm:@marianmeres/clog@^3.21.0",
        "npm:@marianmeres/countries@^1.0.1",
        "npm:@marianmeres/cron-parser@^1.0.1",
        "npm:@marianmeres/design-tokens@^1.12.0",
        "npm:@marianmeres/icons-fns@5",
        "npm:@marianmeres/item-collection@^1.4.2",
        "npm:@marianmeres/paging-store@^2.1.1",
        "npm:@marianmeres/parse-boolean@^2.1.0",
        "npm:@marianmeres/random-human-readable@^1.10.2",
        "npm:@marianmeres/ticker@^1.17.1",
        "npm:@marianmeres/tree@^2.3.0",
        "npm:@milkdown/core@^7.21.2",
        "npm:@milkdown/ctx@^7.21.2",
        "npm:@milkdown/plugin-history@^7.21.2",
        "npm:@milkdown/plugin-listener@^7.21.2",
        "npm:@milkdown/preset-commonmark@^7.21.2",
        "npm:@milkdown/preset-gfm@^7.21.2",
        "npm:@milkdown/prose@^7.21.2",
        "npm:@milkdown/transformer@^7.21.2",
        "npm:@milkdown/utils@^7.21.2",
        "npm:@sveltejs/adapter-auto@4",
        "npm:@sveltejs/kit@^2.68.0",
        "npm:@sveltejs/package@^2.5.8",
        "npm:@sveltejs/vite-plugin-svelte@^6.2.4",
        "npm:@tailwindcss/cli@^4.3.1",
        "npm:@tailwindcss/forms@~0.5.11",
        "npm:@tailwindcss/typography@~0.5.20",
        "npm:@tailwindcss/vite@^4.3.1",
        "npm:@types/node@^25.9.4",
        "npm:@vitest/browser-playwright@^4.1.9",
        "npm:dotenv@^16.6.1",
        "npm:eslint@^9.39.4",
        "npm:globals@^16.5.0",
        "npm:libphonenumber-js@^1.13.7",
        "npm:playwright@^1.61.1",
        "npm:prettier-plugin-svelte@^3.5.2",
        "npm:prettier@^3.9.0",
        "npm:publint@~0.3.21",
        "npm:runed@~0.23.4",
        "npm:svelte-check@^4.7.1",
        "npm:svelte@^5.56.4",
        "npm:tailwind-merge@^3.6.0",
        "npm:tailwindcss@^4.3.1",
        "npm:tsx@^4.22.4",
        "npm:typescript-eslint@^8.62.0",
        "npm:typescript@^5.9.3",
        "npm:vite@^7.3.6",
        "npm:vitest-browser-svelte@^2.1.1",
        "npm:vitest@^4.1.9"
      ]
    }
  }
}
